
Microsoft Visual Studio Solution File, Format Version 12.00
# Visual Studio 14
VisualStudioVersion = 14.0.25123.0
MinimumVisualStudioVersion = 10.0.40219.1
Project("{A07B5EB6-E848-4116-A8D0-A826331D98C6}") = "HelloFabric", "HelloFabric\HelloFabric.sfproj", "{D76BF760-006C-4B2B-9219-3649C81B665F}"
EndProject
Project("{FAE04EC0-301F-11D3-BF4B-00C04F79EFBC}") = "WebApi", "WebApi\WebApi.csproj", "{3C513602-D851-49B3-A03C-C7B8B424AE5C}"
EndProject
Project("{FAE04EC0-301F-11D3-BF4B-00C04F79EFBC}") = "ContactsMS", "ContactsMS\ContactsMS.csproj", "{1E0E814C-EA51-4748-B749-7ADFD3CA2242}"
EndProject
Project("{FAE04EC0-301F-11D3-BF4B-00C04F79EFBC}") = "AltaContactoMS", "AltaContactoMS\AltaContactoMS.csproj", "{00368321-CA9C-48C1-BBB6-8019B372F3E7}"
EndProject
Project("{FAE04EC0-301F-11D3-BF4B-00C04F79EFBC}") = "Domain", "Domain\Domain.csproj", "{481771E1-0857-40A2-B141-9A75E63CEE7E}"
EndProject
Project("{FAE04EC0-301F-11D3-BF4B-00C04F79EFBC}") = "ServiceProxies", "ServiceProxies\ServiceProxies.csproj", "{7A6AC0B1-8867-491A-AE70-5B047F0320E0}"
EndProject
Project("{FAE04EC0-301F-11D3-BF4B-00C04F79EFBC}") = "AltaContacto.Tests", "AltaContacto.Tests\AltaContacto.Tests.csproj", "{FB436852-11B9-4815-9651-55FE043B3A8E}"
EndProject
Global
	GlobalSection(SolutionConfigurationPlatforms) = preSolution
		Debug|Any CPU = Debug|Any CPU
		Debug|x64 = Debug|x64
		Release|Any CPU = Release|Any CPU
		Release|x64 = Release|x64
	EndGlobalSection
	GlobalSection(ProjectConfigurationPlatforms) = postSolution
		{D76BF760-006C-4B2B-9219-3649C81B665F}.Debug|Any CPU.ActiveCfg = Debug|x64
		{D76BF760-006C-4B2B-9219-3649C81B665F}.Debug|x64.ActiveCfg = Debug|x64
		{D76BF760-006C-4B2B-9219-3649C81B665F}.Debug|x64.Build.0 = Debug|x64
		{D76BF760-006C-4B2B-9219-3649C81B665F}.Debug|x64.Deploy.0 = Debug|x64
		{D76BF760-006C-4B2B-9219-3649C81B665F}.Release|Any CPU.ActiveCfg = Release|x64
		{D76BF760-006C-4B2B-9219-3649C81B665F}.Release|x64.ActiveCfg = Release|x64
		{D76BF760-006C-4B2B-9219-3649C81B665F}.Release|x64.Build.0 = Release|x64
		{D76BF760-006C-4B2B-9219-3649C81B665F}.Release|x64.Deploy.0 = Release|x64
		{3C513602-D851-49B3-A03C-C7B8B424AE5C}.Debug|Any CPU.ActiveCfg = Debug|x64
		{3C513602-D851-49B3-A03C-C7B8B424AE5C}.Debug|x64.ActiveCfg = Debug|x64
		{3C513602-D851-49B3-A03C-C7B8B424AE5C}.Debug|x64.Build.0 = Debug|x64
		{3C513602-D851-49B3-A03C-C7B8B424AE5C}.Release|Any CPU.ActiveCfg = Release|x64
		{3C513602-D851-49B3-A03C-C7B8B424AE5C}.Release|x64.ActiveCfg = Release|x64
		{3C513602-D851-49B3-A03C-C7B8B424AE5C}.Release|x64.Build.0 = Release|x64
		{1E0E814C-EA51-4748-B749-7ADFD3CA2242}.Debug|Any CPU.ActiveCfg = Debug|x64
		{1E0E814C-EA51-4748-B749-7ADFD3CA2242}.Debug|x64.ActiveCfg = Debug|x64
		{1E0E814C-EA51-4748-B749-7ADFD3CA2242}.Debug|x64.Build.0 = Debug|x64
		{1E0E814C-EA51-4748-B749-7ADFD3CA2242}.Release|Any CPU.ActiveCfg = Release|x64
		{1E0E814C-EA51-4748-B749-7ADFD3CA2242}.Release|x64.ActiveCfg = Release|x64
		{1E0E814C-EA51-4748-B749-7ADFD3CA2242}.Release|x64.Build.0 = Release|x64
		{00368321-CA9C-48C1-BBB6-8019B372F3E7}.Debug|Any CPU.ActiveCfg = Debug|x64
		{00368321-CA9C-48C1-BBB6-8019B372F3E7}.Debug|x64.ActiveCfg = Debug|x64
		{00368321-CA9C-48C1-BBB6-8019B372F3E7}.Debug|x64.Build.0 = Debug|x64
		{00368321-CA9C-48C1-BBB6-8019B372F3E7}.Release|Any CPU.ActiveCfg = Release|x64
		{00368321-CA9C-48C1-BBB6-8019B372F3E7}.Release|x64.ActiveCfg = Release|x64
		{00368321-CA9C-48C1-BBB6-8019B372F3E7}.Release|x64.Build.0 = Release|x64
		{481771E1-0857-40A2-B141-9A75E63CEE7E}.Debug|Any CPU.ActiveCfg = Debug|Any CPU
		{481771E1-0857-40A2-B141-9A75E63CEE7E}.Debug|Any CPU.Build.0 = Debug|Any CPU
		{481771E1-0857-40A2-B141-9A75E63CEE7E}.Debug|x64.ActiveCfg = Debug|Any CPU
		{481771E1-0857-40A2-B141-9A75E63CEE7E}.Debug|x64.Build.0 = Debug|Any CPU
		{481771E1-0857-40A2-B141-9A75E63CEE7E}.Release|Any CPU.ActiveCfg = Release|Any CPU
		{481771E1-0857-40A2-B141-9A75E63CEE7E}.Release|Any CPU.Build.0 = Release|Any CPU
		{481771E1-0857-40A2-B141-9A75E63CEE7E}.Release|x64.ActiveCfg = Release|Any CPU
		{481771E1-0857-40A2-B141-9A75E63CEE7E}.Release|x64.Build.0 = Release|Any CPU
		{7A6AC0B1-8867-491A-AE70-5B047F0320E0}.Debug|Any CPU.ActiveCfg = Debug|Any CPU
		{7A6AC0B1-8867-491A-AE70-5B047F0320E0}.Debug|Any CPU.Build.0 = Debug|Any CPU
		{7A6AC0B1-8867-491A-AE70-5B047F0320E0}.Debug|x64.ActiveCfg = Debug|Any CPU
		{7A6AC0B1-8867-491A-AE70-5B047F0320E0}.Debug|x64.Build.0 = Debug|Any CPU
		{7A6AC0B1-8867-491A-AE70-5B047F0320E0}.Release|Any CPU.ActiveCfg = Release|Any CPU
		{7A6AC0B1-8867-491A-AE70-5B047F0320E0}.Release|Any CPU.Build.0 = Release|Any CPU
		{7A6AC0B1-8867-491A-AE70-5B047F0320E0}.Release|x64.ActiveCfg = Release|Any CPU
		{7A6AC0B1-8867-491A-AE70-5B047F0320E0}.Release|x64.Build.0 = Release|Any CPU
		{FB436852-11B9-4815-9651-55FE043B3A8E}.Debug|Any CPU.ActiveCfg = Debug|Any CPU
		{FB436852-11B9-4815-9651-55FE043B3A8E}.Debug|Any CPU.Build.0 = Debug|Any CPU
		{FB436852-11B9-4815-9651-55FE043B3A8E}.Debug|x64.ActiveCfg = Debug|Any CPU
		{FB436852-11B9-4815-9651-55FE043B3A8E}.Debug|x64.Build.0 = Debug|Any CPU
		{FB436852-11B9-4815-9651-55FE043B3A8E}.Release|Any CPU.ActiveCfg = Release|Any CPU
		{FB436852-11B9-4815-9651-55FE043B3A8E}.Release|Any CPU.Build.0 = Release|Any CPU
		{FB436852-11B9-4815-9651-55FE043B3A8E}.Release|x64.ActiveCfg = Release|Any CPU
		{FB436852-11B9-4815-9651-55FE043B3A8E}.Release|x64.Build.0 = Release|Any CPU
	EndGlobalSection
	GlobalSection(SolutionProperties) = preSolution
		HideSolutionNode = FALSE
	EndGlobalSection
EndGlobal
